<?xml version="1.0" encoding="utf-8"?>
<Project ToolsVersion="4.0" xmlns="http://schemas.microsoft.com/developer/msbuild/2003">
  <ItemGroup>
    <Filter Include="Source Files">
      <UniqueIdentifier>{4FC737F1-C7A5-4376-A066-2A32D752A2FF}</UniqueIdentifier>
      <Extensions>cpp;c;cc;cxx;c++;cppm;ixx;def;odl;idl;hpj;bat;asm;asmx</Extensions>
    </Filter>
    <Filter Include="Header Files">
      <UniqueIdentifier>{93995380-89BD-4b04-88EB-625FBE52EBFB}</UniqueIdentifier>
      <Extensions>h;hh;hpp;hxx;h++;hm;inl;inc;ipp;xsd</Extensions>
    </Filter>
    <Filter Include="Resource Files">
      <UniqueIdentifier>{67DA6AB6-F800-4c08-8B7A-83BB121AAD01}</UniqueIdentifier>
      <Extensions>rc;ico;cur;bmp;dlg;rc2;rct;bin;rgs;gif;jpg;jpeg;jpe;resx;tiff;tif;png;wav;mfcribbon-ms</Extensions>
    </Filter>
    <Filter Include="Shader Files">
      <UniqueIdentifier>{b02a00a6-85f5-43d7-a263-0327cb75155c}</UniqueIdentifier>
    </Filter>
  </ItemGroup>
  <ItemGroup>
    <ClCompile Include="Src\RTRApp.cpp">
      <Filter>Source Files</Filter>
    </ClCompile>
    <ClCompile Include="Include\glad\glad.c">
      <Filter>Source Files</Filter>
    </ClCompile>
    <ClCompile Include="Src\MainApp.cpp">
      <Filter>Source Files</Filter>
    </ClCompile>
    <ClCompile Include="Src\RTRShader.cpp">
      <Filter>Source Files</Filter>
    </ClCompile>
    <ClCompile Include="Src\Console.cpp">
      <Filter>Source Files</Filter>
    </ClCompile>
    <ClCompile Include="Src\RTRObject.cpp">
      <Filter>Source Files</Filter>
    </ClCompile>
    <ClCompile Include="Src\RTRCamera.cpp">
      <Filter>Source Files</Filter>
    </ClCompile>
    <ClCompile Include="Src\RTRLightingModel.cpp">
      <Filter>Source Files</Filter>
    </ClCompile>
    <ClCompile Include="Src\RTRPhysicsEngine.cpp">
      <Filter>Source Files</Filter>
    </ClCompile>
    <ClCompile Include="Src\RTRRenderer.cpp">
      <Filter>Source Files</Filter>
    </ClCompile>
    <ClCompile Include="Src\RTRWorld.cpp">
      <Filter>Source Files</Filter>
    </ClCompile>
    <ClCompile Include="Src\RTRBoundingVolume.cpp">
      <Filter>Source Files</Filter>
    </ClCompile>
  </ItemGroup>
  <ItemGroup>
    <ClInclude Include="Src\RTRApp.h">
      <Filter>Header Files</Filter>
    </ClInclude>
    <ClInclude Include="Src\RTRShader.h">
      <Filter>Header Files</Filter>
    </ClInclude>
    <ClInclude Include="Src\Console.h">
      <Filter>Header Files</Filter>
    </ClInclude>
    <ClInclude Include="Src\MainApp.h">
      <Filter>Header Files</Filter>
    </ClInclude>
    <ClInclude Include="Src\RTRLighting.h">
      <Filter>Header Files</Filter>
    </ClInclude>
    <ClInclude Include="Src\RTRObject.h">
      <Filter>Header Files</Filter>
    </ClInclude>
    <ClInclude Include="Src\RTRCamera.h">
      <Filter>Header Files</Filter>
    </ClInclude>
    <ClInclude Include="Src\RTRPhysicsEngine.h">
      <Filter>Header Files</Filter>
    </ClInclude>
    <ClInclude Include="Src\RTRRenderer.h">
      <Filter>Header Files</Filter>
    </ClInclude>
    <ClInclude Include="Src\RTRWorld.h">
      <Filter>Header Files</Filter>
    </ClInclude>
    <ClInclude Include="Src\RTRBoundingVolume.h">
      <Filter>Header Files</Filter>
    </ClInclude>
  </ItemGroup>
  <ItemGroup>
    <None Include="Src\RTRShaderTextured.vert">
      <Filter>Shader Files</Filter>
    </None>
    <None Include="Src\RTRShaderTextured.geom">
      <Filter>Shader Files</Filter>
    </None>
    <None Include="Src\RTRShaderTextured.frag">
      <Filter>Shader Files</Filter>
    </None>
    <None Include="Src\RTRSkyboxShader.frag">
      <Filter>Shader Files</Filter>
    </None>
    <None Include="Src\RTRSkyboxShader.vert">
      <Filter>Shader Files</Filter>
    </None>
    <None Include="Src\RTRShaderNoTexture.frag">
      <Filter>Shader Files</Filter>
    </None>
    <None Include="Src\RTRShaderNoTexture.geom">
      <Filter>Shader Files</Filter>
    </None>
    <None Include="Src\RTRShaderNoTexture.vert">
      <Filter>Shader Files</Filter>
    </None>
  </ItemGroup>
  <ItemGroup>
    <Image Include="Src\Skybox\backSpace.jpg">
      <Filter>Resource Files</Filter>
    </Image>
    <Image Include="Src\Skybox\bottomSpace.jpg">
      <Filter>Resource Files</Filter>
    </Image>
    <Image Include="Src\Skybox\frontSpace.jpg">
      <Filter>Resource Files</Filter>
    </Image>
    <Image Include="Src\Skybox\leftSpace.jpg">
      <Filter>Resource Files</Filter>
    </Image>
    <Image Include="Src\Skybox\rightSpace.jpg">
      <Filter>Resource Files</Filter>
    </Image>
    <Image Include="Src\Skybox\topSpace.jpg">
      <Filter>Resource Files</Filter>
    </Image>
    <Image Include="Src\Textures\DarkWood\Wood067_1K_Color.png">
      <Filter>Resource Files</Filter>
    </Image>
    <Image Include="Src\Textures\MetalStainless\Metal012_1K_Color.png">
      <Filter>Resource Files</Filter>
    </Image>
    <Image Include="Src\Textures\MetalRough\Metal014_1K_Color.png">
      <Filter>Resource Files</Filter>
    </Image>
    <Image Include="Src\Textures\LightWood\Wood066_1K_Color.png">
      <Filter>Resource Files</Filter>
    </Image>
    <Image Include="Src\Textures\LightWood\Wood066_PREVIEW.jpg">
      <Filter>Resource Files</Filter>
    </Image>
    <Image Include="Src\Textures\MetalStainless\Metal012_1K_Metalness.png">
      <Filter>Resource Files</Filter>
    </Image>
  </ItemGroup>
</Project>